
Microsoft Visual Studio Solution File, Format Version 12.00
# Visual Studio Version 17
VisualStudioVersion = 17.5.33530.505
MinimumVisualStudioVersion = 10.0.40219.1
Project("{9A19103F-16F7-4668-BE54-9A1E7A4F7556}") = "TenebrousMod", "TenebrousMod.csproj", "{109F9ADC-8F8F-4DCF-9962-4FD2D2DA96B6}"
EndProject
Global
	GlobalSection(SolutionConfigurationPlatforms) = preSolution
		Debug|Any CPU = Debug|Any CPU
		Release|Any CPU = Release|Any CPU
	EndGlobalSection
	GlobalSection(ProjectConfigurationPlatforms) = postSolution
		{109F9ADC-8F8F-4DCF-9962-4FD2D2DA96B6}.Debug|Any CPU.ActiveCfg = Debug|Any CPU
		{109F9ADC-8F8F-4DCF-9962-4FD2D2DA96B6}.Debug|Any CPU.Build.0 = Debug|Any CPU
		{109F9ADC-8F8F-4DCF-9962-4FD2D2DA96B6}.Release|Any CPU.ActiveCfg = Release|Any CPU
		{109F9ADC-8F8F-4DCF-9962-4FD2D2DA96B6}.Release|Any CPU.Build.0 = Release|Any CPU
	EndGlobalSection
	GlobalSection(SolutionProperties) = preSolution
		HideSolutionNode = FALSE
	EndGlobalSection
	GlobalSection(ExtensibilityGlobals) = postSolution
		SolutionGuid = {187696FF-756F-452D-BB9A-D548E1A91402}
	EndGlobalSection
EndGlobal
